
Microsoft Visual Studio Solution File, Format Version 12.00
# Visual Studio Version 17
VisualStudioVersion = 17.4.33122.133
MinimumVisualStudioVersion = 10.0.40219.1
Project("{FAE04EC0-301F-11D3-BF4B-00C04F79EFBC}") = "RPG API", "RPG API\RPG API.csproj", "{061CE47D-E814-4E99-B083-9DDC398044C4}"
EndProject
Global
	GlobalSection(SolutionConfigurationPlatforms) = preSolution
		Debug|Any CPU = Debug|Any CPU
		Release|Any CPU = Release|Any CPU
	EndGlobalSection
	GlobalSection(ProjectConfigurationPlatforms) = postSolution
		{061CE47D-E814-4E99-B083-9DDC398044C4}.Debug|Any CPU.ActiveCfg = Debug|Any CPU
		{061CE47D-E814-4E99-B083-9DDC398044C4}.Debug|Any CPU.Build.0 = Debug|Any CPU
		{061CE47D-E814-4E99-B083-9DDC398044C4}.Release|Any CPU.ActiveCfg = Release|Any CPU
		{061CE47D-E814-4E99-B083-9DDC398044C4}.Release|Any CPU.Build.0 = Release|Any CPU
	EndGlobalSection
	GlobalSection(SolutionProperties) = preSolution
		HideSolutionNode = FALSE
	EndGlobalSection
	GlobalSection(ExtensibilityGlobals) = postSolution
		SolutionGuid = {1F415F1C-40F8-4141-8859-4702746ADA3A}
	EndGlobalSection
EndGlobal
